
Microsoft Visual Studio Solution File, Format Version 12.00
# Visual Studio Version 17
VisualStudioVersion = 17.7.34024.191
MinimumVisualStudioVersion = 10.0.40219.1
Project("{FAE04EC0-301F-11D3-BF4B-00C04F79EFBC}") = "ConsoleApp32", "ConsoleApp32\ConsoleApp32.csproj", "{DAE0F9CE-4DDD-4B73-9983-84AA9765CA6C}"
EndProject
Project("{FAE04EC0-301F-11D3-BF4B-00C04F79EFBC}") = "SourceGenerator1", "SourceGenerator1\SourceGenerator1.csproj", "{963698C3-3E31-4636-85AE-0E411B617EE6}"
EndProject
Global
	GlobalSection(SolutionConfigurationPlatforms) = preSolution
		Debug|Any CPU = Debug|Any CPU
		Release|Any CPU = Release|Any CPU
	EndGlobalSection
	GlobalSection(ProjectConfigurationPlatforms) = postSolution
		{DAE0F9CE-4DDD-4B73-9983-84AA9765CA6C}.Debug|Any CPU.ActiveCfg = Debug|Any CPU
		{DAE0F9CE-4DDD-4B73-9983-84AA9765CA6C}.Debug|Any CPU.Build.0 = Debug|Any CPU
		{DAE0F9CE-4DDD-4B73-9983-84AA9765CA6C}.Release|Any CPU.ActiveCfg = Release|Any CPU
		{DAE0F9CE-4DDD-4B73-9983-84AA9765CA6C}.Release|Any CPU.Build.0 = Release|Any CPU
		{963698C3-3E31-4636-85AE-0E411B617EE6}.Debug|Any CPU.ActiveCfg = Debug|Any CPU
		{963698C3-3E31-4636-85AE-0E411B617EE6}.Debug|Any CPU.Build.0 = Debug|Any CPU
		{963698C3-3E31-4636-85AE-0E411B617EE6}.Release|Any CPU.ActiveCfg = Release|Any CPU
		{963698C3-3E31-4636-85AE-0E411B617EE6}.Release|Any CPU.Build.0 = Release|Any CPU
	EndGlobalSection
	GlobalSection(SolutionProperties) = preSolution
		HideSolutionNode = FALSE
	EndGlobalSection
	GlobalSection(ExtensibilityGlobals) = postSolution
		SolutionGuid = {3A99D5F4-66CB-4835-B5B4-19F8B2888665}
	EndGlobalSection
EndGlobal
